
Microsoft Visual Studio Solution File, Format Version 12.00
# Visual Studio Version 17
VisualStudioVersion = 17.5.002.0
MinimumVisualStudioVersion = 10.0.40219.1
Project("{9A19103F-16F7-4668-BE54-9A1E7A4F7556}") = "01 - Calcula idade", "01 - Calcula idade.csproj", "{0FB3FD93-5B2C-4ACA-A94B-36D138C3014B}"
EndProject
Global
	GlobalSection(SolutionConfigurationPlatforms) = preSolution
		Debug|Any CPU = Debug|Any CPU
		Release|Any CPU = Release|Any CPU
	EndGlobalSection
	GlobalSection(ProjectConfigurationPlatforms) = postSolution
		{0FB3FD93-5B2C-4ACA-A94B-36D138C3014B}.Debug|Any CPU.ActiveCfg = Debug|Any CPU
		{0FB3FD93-5B2C-4ACA-A94B-36D138C3014B}.Debug|Any CPU.Build.0 = Debug|Any CPU
		{0FB3FD93-5B2C-4ACA-A94B-36D138C3014B}.Release|Any CPU.ActiveCfg = Release|Any CPU
		{0FB3FD93-5B2C-4ACA-A94B-36D138C3014B}.Release|Any CPU.Build.0 = Release|Any CPU
	EndGlobalSection
	GlobalSection(SolutionProperties) = preSolution
		HideSolutionNode = FALSE
	EndGlobalSection
	GlobalSection(ExtensibilityGlobals) = postSolution
		SolutionGuid = {C9A2A5ED-41B7-4FD4-BDB4-4B70ED1BB51D}
	EndGlobalSection
EndGlobal
